{
  "version": 4,
  "terraform_version": "1.9.6",
  "serial": 42,
  "lineage": "de7178da-f5a7-b02b-72a9-5cbb2dcf0367",
  "outputs": {
    "mgmt_vm_ids": {
      "value": [
        "ucabhtd-comp0235-ns/merizo-search-mgmt-1e964591b407f5fe"
      ],
      "type": [
        "tuple",
        [
          "string"
        ]
      ]
    },
    "mgmt_vm_ips": {
      "value": [
        "10.134.12.25"
      ],
      "type": [
        "tuple",
        [
          "string"
        ]
      ]
    },
    "storage_vm_ids": {
      "value": [
        "ucabhtd-comp0235-ns/merizo-search-storage-1e964591b407f5fe"
      ],
      "type": [
        "tuple",
        [
          "string"
        ]
      ]
    },
    "storage_vm_ips": {
      "value": [
        "10.134.12.215"
      ],
      "type": [
        "tuple",
        [
          "string"
        ]
      ]
    },
    "worker_vm_ids": {
      "value": [
        "ucabhtd-comp0235-ns/merizo-search-worker-1-1e964591b407f5fe",
        "ucabhtd-comp0235-ns/merizo-search-worker-2-1e964591b407f5fe",
        "ucabhtd-comp0235-ns/merizo-search-worker-3-1e964591b407f5fe"
      ],
      "type": [
        "tuple",
        [
          "string",
          "string",
          "string"
        ]
      ]
    },
    "worker_vm_ips": {
      "value": [
        "10.134.12.219",
        "10.134.12.194",
        "10.134.12.46"
      ],
      "type": [
        "tuple",
        [
          "string",
          "string",
          "string"
        ]
      ]
    }
  },
  "resources": [
    {
      "mode": "data",
      "type": "harvester_image",
      "name": "img",
      "provider": "provider[\"registry.terraform.io/harvester/harvester\"]",
      "instances": [
        {
          "schema_version": 0,
          "attributes": {
            "description": "",
            "display_name": "almalinux-9.4-20240805",
            "id": "harvester-public/image-bp52g",
            "message": "",
            "name": "image-bp52g",
            "namespace": "harvester-public",
            "progress": 100,
            "pvc_name": "",
            "pvc_namespace": "",
            "size": 591724544,
            "source_type": "download",
            "state": "Active",
            "storage_class_name": "harvester-longhorn",
            "storage_class_parameters": {
              "migratable": "true",
              "numberOfReplicas": "3",
              "staleReplicaTimeout": "30"
            },
            "tags": {},
            "url": "https://repo.almalinux.org/almalinux/9/cloud/x86_64/images/AlmaLinux-9-GenericCloud-9.4-20240805.x86_64.qcow2",
            "volume_storage_class_name": "longhorn-image-bp52g"
          },
          "sensitive_attributes": []
        }
      ]
    },
    {
      "mode": "data",
      "type": "harvester_ssh_key",
      "name": "mysshkey",
      "provider": "provider[\"registry.terraform.io/harvester/harvester\"]",
      "instances": [
        {
          "schema_version": 0,
          "attributes": {
            "description": "",
            "fingerprint": "af:5d:b1:1d:dd:29:bd:57:d6:2a:78:00:98:f7:52:2d",
            "id": "ucabhtd-comp0235-ns/ucabhtd-cnc",
            "message": null,
            "name": "ucabhtd-cnc",
            "namespace": "ucabhtd-comp0235-ns",
            "public_key": "ssh-rsa AAAAB3NzaC1yc2EAAAADAQABAAABgQDD13Evba/YWlWn3AjEqByTY84b8MUNt8NAj1MaJHVri5c5g9zFldVg0SgPSe3XtoAyKPLata5NEf+vfFDr8a7rqzA0UXmue433XJUVEybWPQ3YKqedZ/FGxlMg6d2uPz++wosd3wRdWUM5aUDAVNEPPBfqnsc92V7BHcS9wZtZWs6A/fNyiDzfDoF9Tlt2GXi62WBzjxCnAV3BDuuOCJlJi5r1ZUp8jzP1SSiXQ4+DZQKVxsW6creb6MI1J3xTAdPEmzQ7M+YMpTs74bJBAWM2170U9WEO061iNLFXN+v0+x41ZQmcS24UGfV1ODr+TjhIiaJp7voa7CaM2rC9VoeDcYn2mCEO0DvXqzS1wbj3MKTYHys1CY/X+ZDu3TLWRyWTxVWzpv9KEp2CBCpeaXfAKakEcSarvW5m26jB9NvB9bF0RQPu6fNw1el4stX1vn6DSbpERnpBs7N/475fKjX+vuGRamMIcqUtBNY3yc3H2XpZ9t8MYdJTeyLlWUrSaVE= almalinux@ucabhtd\n",
            "state": "Validated",
            "tags": {}
          },
          "sensitive_attributes": []
        }
      ]
    },
    {
      "mode": "managed",
      "type": "harvester_cloudinit_secret",
      "name": "cloud_config",
      "provider": "provider[\"registry.terraform.io/harvester/harvester\"]",
      "instances": [
        {
          "schema_version": 0,
          "attributes": {
            "description": "",
            "id": "ucabhtd-comp0235-ns/merizo-search-cloud-config-1e964591b407f5fe",
            "message": null,
            "name": "merizo-search-cloud-config-1e964591b407f5fe",
            "namespace": "ucabhtd-comp0235-ns",
            "network_data": null,
            "network_data_base64": "",
            "state": null,
            "tags": {},
            "user_data": "#cloud-config\nbootcmd:\n  - [ dnf, config-manager, --set-enabled, crb ]\n  - [ dnf, install, -y, epel-release ]\n\nssh_authorized_keys:\n  - ssh-rsa AAAAB3NzaC1yc2EAAAADAQABAAABgQDD13Evba/YWlWn3AjEqByTY84b8MUNt8NAj1MaJHVri5c5g9zFldVg0SgPSe3XtoAyKPLata5NEf+vfFDr8a7rqzA0UXmue433XJUVEybWPQ3YKqedZ/FGxlMg6d2uPz++wosd3wRdWUM5aUDAVNEPPBfqnsc92V7BHcS9wZtZWs6A/fNyiDzfDoF9Tlt2GXi62WBzjxCnAV3BDuuOCJlJi5r1ZUp8jzP1SSiXQ4+DZQKVxsW6creb6MI1J3xTAdPEmzQ7M+YMpTs74bJBAWM2170U9WEO061iNLFXN+v0+x41ZQmcS24UGfV1ODr+TjhIiaJp7voa7CaM2rC9VoeDcYn2mCEO0DvXqzS1wbj3MKTYHys1CY/X+ZDu3TLWRyWTxVWzpv9KEp2CBCpeaXfAKakEcSarvW5m26jB9NvB9bF0RQPu6fNw1el4stX1vn6DSbpERnpBs7N/475fKjX+vuGRamMIcqUtBNY3yc3H2XpZ9t8MYdJTeyLlWUrSaVE= almalinux@ucabhtd\n\n",
            "user_data_base64": ""
          },
          "sensitive_attributes": [],
          "private": "bnVsbA==",
          "dependencies": [
            "data.harvester_ssh_key.mysshkey",
            "random_id.secret"
          ]
        }
      ]
    },
    {
      "mode": "managed",
      "type": "random_id",
      "name": "secret",
      "provider": "provider[\"registry.terraform.io/hashicorp/random\"]",
      "instances": [
        {
          "schema_version": 0,
          "attributes": {
            "b64_std": "HpZFkbQH9f4=",
            "b64_url": "HpZFkbQH9f4",
            "byte_length": 8,
            "dec": "2204025559737431550",
            "hex": "1e964591b407f5fe",
            "id": "HpZFkbQH9f4",
            "keepers": null,
            "prefix": null
          },
          "sensitive_attributes": []
        }
      ]
    },
    {
      "module": "module.mgmt_vm",
      "mode": "managed",
      "type": "harvester_virtualmachine",
      "name": "vm",
      "provider": "provider[\"registry.terraform.io/harvester/harvester\"]",
      "instances": [
        {
          "schema_version": 0,
          "attributes": {
            "cloudinit": [
              {
                "network_data": "",
                "network_data_base64": "",
                "network_data_secret_name": "",
                "type": "noCloud",
                "user_data": "",
                "user_data_base64": "",
                "user_data_secret_name": "merizo-search-cloud-config-1e964591b407f5fe"
              }
            ],
            "cpu": 2,
            "description": "Cluster head node",
            "disk": [
              {
                "access_mode": "ReadWriteMany",
                "auto_delete": true,
                "boot_order": 1,
                "bus": "virtio",
                "container_image_name": "",
                "existing_volume_name": "",
                "hot_plug": false,
                "image": "harvester-public/image-bp52g",
                "name": "root-disk",
                "size": "10Gi",
                "storage_class_name": "longhorn-image-bp52g",
                "type": "disk",
                "volume_mode": "Block",
                "volume_name": "merizo-search-mgmt-1e964591b407f5fe-root-disk-65htd"
              }
            ],
            "efi": true,
            "hostname": "merizo-search-mgmt-1e964591b407f5fe",
            "id": "ucabhtd-comp0235-ns/merizo-search-mgmt-1e964591b407f5fe",
            "input": [],
            "machine_type": "q35",
            "memory": "4Gi",
            "message": null,
            "name": "merizo-search-mgmt-1e964591b407f5fe",
            "namespace": "ucabhtd-comp0235-ns",
            "network_interface": [
              {
                "interface_name": "eth0",
                "ip_address": "10.134.12.25",
                "mac_address": "de:9b:81:b6:22:00",
                "model": "virtio",
                "name": "nic-1",
                "network_name": "ucabhtd-comp0235-ns/ds4eng",
                "type": "bridge",
                "wait_for_lease": true
              }
            ],
            "node_name": "harvester-s65lz",
            "reserved_memory": "100Mi",
            "restart_after_update": true,
            "run_strategy": "RerunOnFailure",
            "secure_boot": false,
            "ssh_keys": [],
            "start": null,
            "state": "Ready",
            "tags": {
              "condenser.ingress.hdfs-hostname": "hdfs-ucabhtd",
              "condenser.ingress.hdfs-port": "9870",
              "condenser.ingress.isAllowed": "true",
              "condenser.ingress.isEnabled": "true",
              "condenser.ingress.yarn-hostname": "yarn-ucabhtd",
              "condenser.ingress.yarn-port": "8088"
            },
            "tpm": []
          },
          "sensitive_attributes": [],
          "private": "bnVsbA==",
          "dependencies": [
            "data.harvester_image.img",
            "data.harvester_ssh_key.mysshkey",
            "harvester_cloudinit_secret.cloud_config",
            "random_id.secret"
          ]
        }
      ]
    },
    {
      "module": "module.storage_vm",
      "mode": "managed",
      "type": "harvester_virtualmachine",
      "name": "vm",
      "provider": "provider[\"registry.terraform.io/harvester/harvester\"]",
      "instances": [
        {
          "schema_version": 0,
          "attributes": {
            "cloudinit": [
              {
                "network_data": "",
                "network_data_base64": "",
                "network_data_secret_name": "",
                "type": "noCloud",
                "user_data": "",
                "user_data_base64": "",
                "user_data_secret_name": "merizo-search-cloud-config-1e964591b407f5fe"
              }
            ],
            "cpu": 4,
            "description": "Cluster storage node",
            "disk": [
              {
                "access_mode": "ReadWriteMany",
                "auto_delete": true,
                "boot_order": 1,
                "bus": "virtio",
                "container_image_name": "",
                "existing_volume_name": "",
                "hot_plug": false,
                "image": "harvester-public/image-bp52g",
                "name": "root-disk",
                "size": "10Gi",
                "storage_class_name": "longhorn-image-bp52g",
                "type": "disk",
                "volume_mode": "Block",
                "volume_name": "merizo-search-storage-1e964591b407f5fe-root-disk-xmccw"
              },
              {
                "access_mode": "ReadWriteMany",
                "auto_delete": true,
                "boot_order": 2,
                "bus": "virtio",
                "container_image_name": "",
                "existing_volume_name": "",
                "hot_plug": false,
                "image": "",
                "name": "data-disk",
                "size": "200Gi",
                "storage_class_name": "harvester-longhorn",
                "type": "disk",
                "volume_mode": "Block",
                "volume_name": "merizo-search-storage-1e964591b407f5fe-data-disk-kbg9d"
              }
            ],
            "efi": true,
            "hostname": "merizo-search-storage-1e964591b407f5fe",
            "id": "ucabhtd-comp0235-ns/merizo-search-storage-1e964591b407f5fe",
            "input": [],
            "machine_type": "q35",
            "memory": "8Gi",
            "message": null,
            "name": "merizo-search-storage-1e964591b407f5fe",
            "namespace": "ucabhtd-comp0235-ns",
            "network_interface": [
              {
                "interface_name": "eth0",
                "ip_address": "10.134.12.215",
                "mac_address": "92:f4:8d:c4:bc:19",
                "model": "virtio",
                "name": "nic-1",
                "network_name": "ucabhtd-comp0235-ns/ds4eng",
                "type": "bridge",
                "wait_for_lease": true
              }
            ],
            "node_name": "harvester-csrk7",
            "reserved_memory": "100Mi",
            "restart_after_update": true,
            "run_strategy": "RerunOnFailure",
            "secure_boot": false,
            "ssh_keys": [],
            "start": null,
            "state": "Ready",
            "tags": {},
            "tpm": []
          },
          "sensitive_attributes": [],
          "private": "bnVsbA==",
          "dependencies": [
            "data.harvester_image.img",
            "data.harvester_ssh_key.mysshkey",
            "harvester_cloudinit_secret.cloud_config",
            "random_id.secret"
          ]
        }
      ]
    },
    {
      "module": "module.worker_vm[0]",
      "mode": "managed",
      "type": "harvester_virtualmachine",
      "name": "vm",
      "provider": "provider[\"registry.terraform.io/harvester/harvester\"]",
      "instances": [
        {
          "schema_version": 0,
          "attributes": {
            "cloudinit": [
              {
                "network_data": "",
                "network_data_base64": "",
                "network_data_secret_name": "",
                "type": "noCloud",
                "user_data": "",
                "user_data_base64": "",
                "user_data_secret_name": "merizo-search-cloud-config-1e964591b407f5fe"
              }
            ],
            "cpu": 4,
            "description": "Cluster compute node",
            "disk": [
              {
                "access_mode": "ReadWriteMany",
                "auto_delete": true,
                "boot_order": 1,
                "bus": "virtio",
                "container_image_name": "",
                "existing_volume_name": "",
                "hot_plug": false,
                "image": "harvester-public/image-bp52g",
                "name": "root-disk",
                "size": "25Gi",
                "storage_class_name": "longhorn-image-bp52g",
                "type": "disk",
                "volume_mode": "Block",
                "volume_name": "merizo-search-worker-1-1e964591b407f5fe-root-disk-lbxds"
              }
            ],
            "efi": true,
            "hostname": "merizo-search-worker-1-1e964591b407f5fe",
            "id": "ucabhtd-comp0235-ns/merizo-search-worker-1-1e964591b407f5fe",
            "input": [],
            "machine_type": "q35",
            "memory": "32Gi",
            "message": null,
            "name": "merizo-search-worker-1-1e964591b407f5fe",
            "namespace": "ucabhtd-comp0235-ns",
            "network_interface": [
              {
                "interface_name": "eth0",
                "ip_address": "10.134.12.219",
                "mac_address": "72:df:17:d8:4f:96",
                "model": "virtio",
                "name": "nic-1",
                "network_name": "ucabhtd-comp0235-ns/ds4eng",
                "type": "bridge",
                "wait_for_lease": true
              }
            ],
            "node_name": "harvester-ttrtf",
            "reserved_memory": "100Mi",
            "restart_after_update": true,
            "run_strategy": "RerunOnFailure",
            "secure_boot": false,
            "ssh_keys": [],
            "start": null,
            "state": "Ready",
            "tags": {},
            "tpm": []
          },
          "sensitive_attributes": [],
          "private": "bnVsbA==",
          "dependencies": [
            "data.harvester_image.img",
            "data.harvester_ssh_key.mysshkey",
            "harvester_cloudinit_secret.cloud_config",
            "random_id.secret"
          ]
        }
      ]
    },
    {
      "module": "module.worker_vm[1]",
      "mode": "managed",
      "type": "harvester_virtualmachine",
      "name": "vm",
      "provider": "provider[\"registry.terraform.io/harvester/harvester\"]",
      "instances": [
        {
          "schema_version": 0,
          "attributes": {
            "cloudinit": [
              {
                "network_data": "",
                "network_data_base64": "",
                "network_data_secret_name": "",
                "type": "noCloud",
                "user_data": "",
                "user_data_base64": "",
                "user_data_secret_name": "merizo-search-cloud-config-1e964591b407f5fe"
              }
            ],
            "cpu": 4,
            "description": "Cluster compute node",
            "disk": [
              {
                "access_mode": "ReadWriteMany",
                "auto_delete": true,
                "boot_order": 1,
                "bus": "virtio",
                "container_image_name": "",
                "existing_volume_name": "",
                "hot_plug": false,
                "image": "harvester-public/image-bp52g",
                "name": "root-disk",
                "size": "25Gi",
                "storage_class_name": "longhorn-image-bp52g",
                "type": "disk",
                "volume_mode": "Block",
                "volume_name": "merizo-search-worker-2-1e964591b407f5fe-root-disk-kvlfn"
              }
            ],
            "efi": true,
            "hostname": "merizo-search-worker-2-1e964591b407f5fe",
            "id": "ucabhtd-comp0235-ns/merizo-search-worker-2-1e964591b407f5fe",
            "input": [],
            "machine_type": "q35",
            "memory": "32Gi",
            "message": null,
            "name": "merizo-search-worker-2-1e964591b407f5fe",
            "namespace": "ucabhtd-comp0235-ns",
            "network_interface": [
              {
                "interface_name": "eth0",
                "ip_address": "10.134.12.194",
                "mac_address": "16:73:a2:ff:de:58",
                "model": "virtio",
                "name": "nic-1",
                "network_name": "ucabhtd-comp0235-ns/ds4eng",
                "type": "bridge",
                "wait_for_lease": true
              }
            ],
            "node_name": "harvester-m4ncl",
            "reserved_memory": "100Mi",
            "restart_after_update": true,
            "run_strategy": "RerunOnFailure",
            "secure_boot": false,
            "ssh_keys": [],
            "start": null,
            "state": "Ready",
            "tags": {},
            "tpm": []
          },
          "sensitive_attributes": [],
          "private": "bnVsbA==",
          "dependencies": [
            "data.harvester_image.img",
            "data.harvester_ssh_key.mysshkey",
            "harvester_cloudinit_secret.cloud_config",
            "random_id.secret"
          ]
        }
      ]
    },
    {
      "module": "module.worker_vm[2]",
      "mode": "managed",
      "type": "harvester_virtualmachine",
      "name": "vm",
      "provider": "provider[\"registry.terraform.io/harvester/harvester\"]",
      "instances": [
        {
          "schema_version": 0,
          "attributes": {
            "cloudinit": [
              {
                "network_data": "",
                "network_data_base64": "",
                "network_data_secret_name": "",
                "type": "noCloud",
                "user_data": "",
                "user_data_base64": "",
                "user_data_secret_name": "merizo-search-cloud-config-1e964591b407f5fe"
              }
            ],
            "cpu": 4,
            "description": "Cluster compute node",
            "disk": [
              {
                "access_mode": "ReadWriteMany",
                "auto_delete": true,
                "boot_order": 1,
                "bus": "virtio",
                "container_image_name": "",
                "existing_volume_name": "",
                "hot_plug": false,
                "image": "harvester-public/image-bp52g",
                "name": "root-disk",
                "size": "25Gi",
                "storage_class_name": "longhorn-image-bp52g",
                "type": "disk",
                "volume_mode": "Block",
                "volume_name": "merizo-search-worker-3-1e964591b407f5fe-root-disk-2htqh"
              }
            ],
            "efi": true,
            "hostname": "merizo-search-worker-3-1e964591b407f5fe",
            "id": "ucabhtd-comp0235-ns/merizo-search-worker-3-1e964591b407f5fe",
            "input": [],
            "machine_type": "q35",
            "memory": "32Gi",
            "message": null,
            "name": "merizo-search-worker-3-1e964591b407f5fe",
            "namespace": "ucabhtd-comp0235-ns",
            "network_interface": [
              {
                "interface_name": "eth0",
                "ip_address": "10.134.12.46",
                "mac_address": "be:56:9b:ac:23:9a",
                "model": "virtio",
                "name": "nic-1",
                "network_name": "ucabhtd-comp0235-ns/ds4eng",
                "type": "bridge",
                "wait_for_lease": true
              }
            ],
            "node_name": "harvester-8zh9d",
            "reserved_memory": "100Mi",
            "restart_after_update": true,
            "run_strategy": "RerunOnFailure",
            "secure_boot": false,
            "ssh_keys": [],
            "start": null,
            "state": "Ready",
            "tags": {},
            "tpm": []
          },
          "sensitive_attributes": [],
          "private": "bnVsbA==",
          "dependencies": [
            "data.harvester_image.img",
            "data.harvester_ssh_key.mysshkey",
            "harvester_cloudinit_secret.cloud_config",
            "random_id.secret"
          ]
        }
      ]
    }
  ],
  "check_results": null
}
