{
  "version": 4,
  "terraform_version": "1.9.6",
  "serial": 103,
  "lineage": "de7178da-f5a7-b02b-72a9-5cbb2dcf0367",
  "outputs": {
    "hostnames": {
      "value": {
        "grafana": "grafana-6f80ac3cd9783ccf",
        "hdfs": "hdfs-6f80ac3cd9783ccf",
        "minio_console": "cons-6f80ac3cd9783ccf",
        "minio_s3": "s3-6f80ac3cd9783ccf",
        "node_exporter": "nodeexporter-6f80ac3cd9783ccf",
        "prometheus": "prometheus-6f80ac3cd9783ccf",
        "yarn": "yarn-6f80ac3cd9783ccf"
      },
      "type": [
        "object",
        {
          "grafana": "string",
          "hdfs": "string",
          "minio_console": "string",
          "minio_s3": "string",
          "node_exporter": "string",
          "prometheus": "string",
          "yarn": "string"
        }
      ]
    },
    "mgmt_vm_ids": {
      "value": [
        "ucabhtd-comp0235-ns/merizo-search-mgmt-6f80ac3cd9783ccf"
      ],
      "type": [
        "tuple",
        [
          "string"
        ]
      ]
    },
    "mgmt_vm_ips": {
      "value": [
        "10.134.12.127"
      ],
      "type": [
        "tuple",
        [
          "string"
        ]
      ]
    },
    "storage_vm_ids": {
      "value": [
        "ucabhtd-comp0235-ns/merizo-search-storage-6f80ac3cd9783ccf"
      ],
      "type": [
        "tuple",
        [
          "string"
        ]
      ]
    },
    "storage_vm_ips": {
      "value": [
        "10.134.12.132"
      ],
      "type": [
        "tuple",
        [
          "string"
        ]
      ]
    },
    "worker_vm_ids": {
      "value": [
        "ucabhtd-comp0235-ns/merizo-search-worker-1-6f80ac3cd9783ccf",
        "ucabhtd-comp0235-ns/merizo-search-worker-2-6f80ac3cd9783ccf",
        "ucabhtd-comp0235-ns/merizo-search-worker-3-6f80ac3cd9783ccf"
      ],
      "type": [
        "tuple",
        [
          "string",
          "string",
          "string"
        ]
      ]
    },
    "worker_vm_ips": {
      "value": [
        "10.134.12.86",
        "10.134.12.91",
        "10.134.12.111"
      ],
      "type": [
        "tuple",
        [
          "string",
          "string",
          "string"
        ]
      ]
    }
  },
  "resources": [
    {
      "mode": "data",
      "type": "harvester_image",
      "name": "img",
      "provider": "provider[\"registry.terraform.io/harvester/harvester\"]",
      "instances": [
        {
          "schema_version": 0,
          "attributes": {
            "description": "",
            "display_name": "almalinux-9.4-20240805",
            "id": "harvester-public/image-bp52g",
            "message": "",
            "name": "image-bp52g",
            "namespace": "harvester-public",
            "progress": 100,
            "pvc_name": "",
            "pvc_namespace": "",
            "size": 591724544,
            "source_type": "download",
            "state": "Active",
            "storage_class_name": "harvester-longhorn",
            "storage_class_parameters": {
              "migratable": "true",
              "numberOfReplicas": "3",
              "staleReplicaTimeout": "30"
            },
            "tags": {},
            "url": "https://repo.almalinux.org/almalinux/9/cloud/x86_64/images/AlmaLinux-9-GenericCloud-9.4-20240805.x86_64.qcow2",
            "volume_storage_class_name": "longhorn-image-bp52g"
          },
          "sensitive_attributes": []
        }
      ]
    },
    {
      "mode": "data",
      "type": "harvester_ssh_key",
      "name": "mysshkey",
      "provider": "provider[\"registry.terraform.io/harvester/harvester\"]",
      "instances": [
        {
          "schema_version": 0,
          "attributes": {
            "description": "",
            "fingerprint": "af:5d:b1:1d:dd:29:bd:57:d6:2a:78:00:98:f7:52:2d",
            "id": "ucabhtd-comp0235-ns/ucabhtd-cnc",
            "message": null,
            "name": "ucabhtd-cnc",
            "namespace": "ucabhtd-comp0235-ns",
            "public_key": "ssh-rsa AAAAB3NzaC1yc2EAAAADAQABAAABgQDD13Evba/YWlWn3AjEqByTY84b8MUNt8NAj1MaJHVri5c5g9zFldVg0SgPSe3XtoAyKPLata5NEf+vfFDr8a7rqzA0UXmue433XJUVEybWPQ3YKqedZ/FGxlMg6d2uPz++wosd3wRdWUM5aUDAVNEPPBfqnsc92V7BHcS9wZtZWs6A/fNyiDzfDoF9Tlt2GXi62WBzjxCnAV3BDuuOCJlJi5r1ZUp8jzP1SSiXQ4+DZQKVxsW6creb6MI1J3xTAdPEmzQ7M+YMpTs74bJBAWM2170U9WEO061iNLFXN+v0+x41ZQmcS24UGfV1ODr+TjhIiaJp7voa7CaM2rC9VoeDcYn2mCEO0DvXqzS1wbj3MKTYHys1CY/X+ZDu3TLWRyWTxVWzpv9KEp2CBCpeaXfAKakEcSarvW5m26jB9NvB9bF0RQPu6fNw1el4stX1vn6DSbpERnpBs7N/475fKjX+vuGRamMIcqUtBNY3yc3H2XpZ9t8MYdJTeyLlWUrSaVE= almalinux@ucabhtd\n",
            "state": "Validated",
            "tags": {}
          },
          "sensitive_attributes": []
        }
      ]
    },
    {
      "mode": "managed",
      "type": "harvester_cloudinit_secret",
      "name": "cloud_config",
      "provider": "provider[\"registry.terraform.io/harvester/harvester\"]",
      "instances": [
        {
          "schema_version": 0,
          "attributes": {
            "description": "",
            "id": "ucabhtd-comp0235-ns/merizo-search-cloud-config-6f80ac3cd9783ccf",
            "message": null,
            "name": "merizo-search-cloud-config-6f80ac3cd9783ccf",
            "namespace": "ucabhtd-comp0235-ns",
            "network_data": null,
            "network_data_base64": "",
            "state": null,
            "tags": {},
            "user_data": "#cloud-config\nbootcmd:\n  - [ dnf, config-manager, --set-enabled, crb ]\n  - [ dnf, install, -y, epel-release ]\n\nssh_authorized_keys:\n  - ssh-rsa AAAAB3NzaC1yc2EAAAADAQABAAABgQDD13Evba/YWlWn3AjEqByTY84b8MUNt8NAj1MaJHVri5c5g9zFldVg0SgPSe3XtoAyKPLata5NEf+vfFDr8a7rqzA0UXmue433XJUVEybWPQ3YKqedZ/FGxlMg6d2uPz++wosd3wRdWUM5aUDAVNEPPBfqnsc92V7BHcS9wZtZWs6A/fNyiDzfDoF9Tlt2GXi62WBzjxCnAV3BDuuOCJlJi5r1ZUp8jzP1SSiXQ4+DZQKVxsW6creb6MI1J3xTAdPEmzQ7M+YMpTs74bJBAWM2170U9WEO061iNLFXN+v0+x41ZQmcS24UGfV1ODr+TjhIiaJp7voa7CaM2rC9VoeDcYn2mCEO0DvXqzS1wbj3MKTYHys1CY/X+ZDu3TLWRyWTxVWzpv9KEp2CBCpeaXfAKakEcSarvW5m26jB9NvB9bF0RQPu6fNw1el4stX1vn6DSbpERnpBs7N/475fKjX+vuGRamMIcqUtBNY3yc3H2XpZ9t8MYdJTeyLlWUrSaVE= almalinux@ucabhtd\n\n",
            "user_data_base64": ""
          },
          "sensitive_attributes": [],
          "private": "bnVsbA==",
          "dependencies": [
            "data.harvester_ssh_key.mysshkey",
            "random_id.secret"
          ]
        }
      ]
    },
    {
      "mode": "managed",
      "type": "random_id",
      "name": "secret",
      "provider": "provider[\"registry.terraform.io/hashicorp/random\"]",
      "instances": [
        {
          "schema_version": 0,
          "attributes": {
            "b64_std": "b4CsPNl4PM8=",
            "b64_url": "b4CsPNl4PM8",
            "byte_length": 8,
            "dec": "8034611112575515855",
            "hex": "6f80ac3cd9783ccf",
            "id": "b4CsPNl4PM8",
            "keepers": null,
            "prefix": null
          },
          "sensitive_attributes": []
        }
      ]
    },
    {
      "module": "module.mgmt_vm",
      "mode": "managed",
      "type": "harvester_virtualmachine",
      "name": "vm",
      "provider": "provider[\"registry.terraform.io/harvester/harvester\"]",
      "instances": [
        {
          "schema_version": 0,
          "attributes": {
            "cloudinit": [
              {
                "network_data": "",
                "network_data_base64": "",
                "network_data_secret_name": "",
                "type": "noCloud",
                "user_data": "",
                "user_data_base64": "",
                "user_data_secret_name": "merizo-search-cloud-config-6f80ac3cd9783ccf"
              }
            ],
            "cpu": 2,
            "description": "Cluster head node",
            "disk": [
              {
                "access_mode": "ReadWriteMany",
                "auto_delete": true,
                "boot_order": 1,
                "bus": "virtio",
                "container_image_name": "",
                "existing_volume_name": "",
                "hot_plug": false,
                "image": "harvester-public/image-bp52g",
                "name": "root-disk",
                "size": "10Gi",
                "storage_class_name": "longhorn-image-bp52g",
                "type": "disk",
                "volume_mode": "Block",
                "volume_name": "merizo-search-mgmt-6f80ac3cd9783ccf-root-disk-v2jl9"
              }
            ],
            "efi": true,
            "hostname": "merizo-search-mgmt-6f80ac3cd9783ccf",
            "id": "ucabhtd-comp0235-ns/merizo-search-mgmt-6f80ac3cd9783ccf",
            "input": [],
            "machine_type": "q35",
            "memory": "4Gi",
            "message": null,
            "name": "merizo-search-mgmt-6f80ac3cd9783ccf",
            "namespace": "ucabhtd-comp0235-ns",
            "network_interface": [
              {
                "interface_name": "eth0",
                "ip_address": "10.134.12.127",
                "mac_address": "3e:a3:a6:26:b8:9a",
                "model": "virtio",
                "name": "nic-1",
                "network_name": "ucabhtd-comp0235-ns/ds4eng",
                "type": "bridge",
                "wait_for_lease": true
              }
            ],
            "node_name": "harvester-b6vsw",
            "reserved_memory": "100Mi",
            "restart_after_update": true,
            "run_strategy": "RerunOnFailure",
            "secure_boot": false,
            "ssh_keys": [],
            "start": null,
            "state": "Ready",
            "tags": {
              "condenser_ingress_grafana_hostname": "grafana-6f80ac3cd9783ccf",
              "condenser_ingress_grafana_port": "3000",
              "condenser_ingress_hdfs_hostname": "hdfs-6f80ac3cd9783ccf",
              "condenser_ingress_hdfs_port": "9870",
              "condenser_ingress_isAllowed": "true",
              "condenser_ingress_isEnabled": "true",
              "condenser_ingress_prometheus_hostname": "prometheus-6f80ac3cd9783ccf",
              "condenser_ingress_prometheus_port": "9090",
              "condenser_ingress_yarn_hostname": "yarn-6f80ac3cd9783ccf",
              "condenser_ingress_yarn_port": "8088"
            },
            "tpm": []
          },
          "sensitive_attributes": [],
          "private": "bnVsbA==",
          "dependencies": [
            "data.harvester_image.img",
            "data.harvester_ssh_key.mysshkey",
            "harvester_cloudinit_secret.cloud_config",
            "random_id.secret"
          ]
        }
      ]
    },
    {
      "module": "module.storage_vm",
      "mode": "managed",
      "type": "harvester_virtualmachine",
      "name": "vm",
      "provider": "provider[\"registry.terraform.io/harvester/harvester\"]",
      "instances": [
        {
          "schema_version": 0,
          "attributes": {
            "cloudinit": [
              {
                "network_data": "",
                "network_data_base64": "",
                "network_data_secret_name": "",
                "type": "noCloud",
                "user_data": "",
                "user_data_base64": "",
                "user_data_secret_name": "merizo-search-cloud-config-6f80ac3cd9783ccf"
              }
            ],
            "cpu": 4,
            "description": "Cluster storage node",
            "disk": [
              {
                "access_mode": "ReadWriteMany",
                "auto_delete": true,
                "boot_order": 1,
                "bus": "virtio",
                "container_image_name": "",
                "existing_volume_name": "",
                "hot_plug": false,
                "image": "harvester-public/image-bp52g",
                "name": "root-disk",
                "size": "10Gi",
                "storage_class_name": "longhorn-image-bp52g",
                "type": "disk",
                "volume_mode": "Block",
                "volume_name": "merizo-search-storage-6f80ac3cd9783ccf-root-disk-4m89c"
              },
              {
                "access_mode": "ReadWriteMany",
                "auto_delete": true,
                "boot_order": 2,
                "bus": "virtio",
                "container_image_name": "",
                "existing_volume_name": "",
                "hot_plug": false,
                "image": "",
                "name": "data-disk",
                "size": "200Gi",
                "storage_class_name": "harvester-longhorn",
                "type": "disk",
                "volume_mode": "Block",
                "volume_name": "merizo-search-storage-6f80ac3cd9783ccf-data-disk-m5cx7"
              }
            ],
            "efi": true,
            "hostname": "merizo-search-storage-6f80ac3cd9783ccf",
            "id": "ucabhtd-comp0235-ns/merizo-search-storage-6f80ac3cd9783ccf",
            "input": [],
            "machine_type": "q35",
            "memory": "8Gi",
            "message": null,
            "name": "merizo-search-storage-6f80ac3cd9783ccf",
            "namespace": "ucabhtd-comp0235-ns",
            "network_interface": [
              {
                "interface_name": "eth0",
                "ip_address": "10.134.12.132",
                "mac_address": "7e:81:3a:61:99:1b",
                "model": "virtio",
                "name": "nic-1",
                "network_name": "ucabhtd-comp0235-ns/ds4eng",
                "type": "bridge",
                "wait_for_lease": true
              }
            ],
            "node_name": "harvester-5fwht",
            "reserved_memory": "100Mi",
            "restart_after_update": true,
            "run_strategy": "RerunOnFailure",
            "secure_boot": false,
            "ssh_keys": [],
            "start": null,
            "state": "Ready",
            "tags": {
              "condenser_ingress_cons_hostname": "cons-6f80ac3cd9783ccf",
              "condenser_ingress_cons_nginx_proxy-body-size": "100000m",
              "condenser_ingress_cons_port": "9001",
              "condenser_ingress_cons_protocol": "https",
              "condenser_ingress_isAllowed": "true",
              "condenser_ingress_isEnabled": "true",
              "condenser_ingress_os_hostname": "s3-6f80ac3cd9783ccf",
              "condenser_ingress_os_nginx_proxy-body-size": "100000m",
              "condenser_ingress_os_port": "9000",
              "condenser_ingress_os_protocol": "https"
            },
            "tpm": []
          },
          "sensitive_attributes": [],
          "private": "bnVsbA==",
          "dependencies": [
            "data.harvester_image.img",
            "data.harvester_ssh_key.mysshkey",
            "harvester_cloudinit_secret.cloud_config",
            "random_id.secret"
          ]
        }
      ]
    },
    {
      "module": "module.worker_vm[0]",
      "mode": "managed",
      "type": "harvester_virtualmachine",
      "name": "vm",
      "provider": "provider[\"registry.terraform.io/harvester/harvester\"]",
      "instances": [
        {
          "schema_version": 0,
          "attributes": {
            "cloudinit": [
              {
                "network_data": "",
                "network_data_base64": "",
                "network_data_secret_name": "",
                "type": "noCloud",
                "user_data": "",
                "user_data_base64": "",
                "user_data_secret_name": "merizo-search-cloud-config-6f80ac3cd9783ccf"
              }
            ],
            "cpu": 4,
            "description": "Cluster compute node 1",
            "disk": [
              {
                "access_mode": "ReadWriteMany",
                "auto_delete": true,
                "boot_order": 1,
                "bus": "virtio",
                "container_image_name": "",
                "existing_volume_name": "",
                "hot_plug": false,
                "image": "harvester-public/image-bp52g",
                "name": "root-disk",
                "size": "25Gi",
                "storage_class_name": "longhorn-image-bp52g",
                "type": "disk",
                "volume_mode": "Block",
                "volume_name": "merizo-search-worker-1-6f80ac3cd9783ccf-root-disk-8vw77"
              }
            ],
            "efi": true,
            "hostname": "merizo-search-worker-1-6f80ac3cd9783ccf",
            "id": "ucabhtd-comp0235-ns/merizo-search-worker-1-6f80ac3cd9783ccf",
            "input": [],
            "machine_type": "q35",
            "memory": "32Gi",
            "message": null,
            "name": "merizo-search-worker-1-6f80ac3cd9783ccf",
            "namespace": "ucabhtd-comp0235-ns",
            "network_interface": [
              {
                "interface_name": "eth0",
                "ip_address": "10.134.12.86",
                "mac_address": "ce:c2:1a:5c:ea:53",
                "model": "virtio",
                "name": "nic-1",
                "network_name": "ucabhtd-comp0235-ns/ds4eng",
                "type": "bridge",
                "wait_for_lease": true
              }
            ],
            "node_name": "harvester-z2c45",
            "reserved_memory": "100Mi",
            "restart_after_update": true,
            "run_strategy": "RerunOnFailure",
            "secure_boot": false,
            "ssh_keys": [],
            "start": null,
            "state": "Ready",
            "tags": {
              "condenser_ingress_isAllowed": "true",
              "condenser_ingress_isEnabled": "true",
              "condenser_ingress_nodeexporter_hostname": "nodeexporter-6f80ac3cd9783ccf-1",
              "condenser_ingress_nodeexporter_port": "9100",
              "condenser_ingress_yarn_hostname": "yarn-6f80ac3cd9783ccf-1",
              "condenser_ingress_yarn_port": "8042"
            },
            "tpm": []
          },
          "sensitive_attributes": [],
          "private": "bnVsbA==",
          "dependencies": [
            "data.harvester_image.img",
            "data.harvester_ssh_key.mysshkey",
            "harvester_cloudinit_secret.cloud_config",
            "random_id.secret"
          ]
        }
      ]
    },
    {
      "module": "module.worker_vm[1]",
      "mode": "managed",
      "type": "harvester_virtualmachine",
      "name": "vm",
      "provider": "provider[\"registry.terraform.io/harvester/harvester\"]",
      "instances": [
        {
          "schema_version": 0,
          "attributes": {
            "cloudinit": [
              {
                "network_data": "",
                "network_data_base64": "",
                "network_data_secret_name": "",
                "type": "noCloud",
                "user_data": "",
                "user_data_base64": "",
                "user_data_secret_name": "merizo-search-cloud-config-6f80ac3cd9783ccf"
              }
            ],
            "cpu": 4,
            "description": "Cluster compute node 2",
            "disk": [
              {
                "access_mode": "ReadWriteMany",
                "auto_delete": true,
                "boot_order": 1,
                "bus": "virtio",
                "container_image_name": "",
                "existing_volume_name": "",
                "hot_plug": false,
                "image": "harvester-public/image-bp52g",
                "name": "root-disk",
                "size": "25Gi",
                "storage_class_name": "longhorn-image-bp52g",
                "type": "disk",
                "volume_mode": "Block",
                "volume_name": "merizo-search-worker-2-6f80ac3cd9783ccf-root-disk-rh5mh"
              }
            ],
            "efi": true,
            "hostname": "merizo-search-worker-2-6f80ac3cd9783ccf",
            "id": "ucabhtd-comp0235-ns/merizo-search-worker-2-6f80ac3cd9783ccf",
            "input": [],
            "machine_type": "q35",
            "memory": "32Gi",
            "message": null,
            "name": "merizo-search-worker-2-6f80ac3cd9783ccf",
            "namespace": "ucabhtd-comp0235-ns",
            "network_interface": [
              {
                "interface_name": "eth0",
                "ip_address": "10.134.12.91",
                "mac_address": "0a:8b:51:b3:81:84",
                "model": "virtio",
                "name": "nic-1",
                "network_name": "ucabhtd-comp0235-ns/ds4eng",
                "type": "bridge",
                "wait_for_lease": true
              }
            ],
            "node_name": "harvester-bpqwj",
            "reserved_memory": "100Mi",
            "restart_after_update": true,
            "run_strategy": "RerunOnFailure",
            "secure_boot": false,
            "ssh_keys": [],
            "start": null,
            "state": "Ready",
            "tags": {
              "condenser_ingress_isAllowed": "true",
              "condenser_ingress_isEnabled": "true",
              "condenser_ingress_nodeexporter_hostname": "nodeexporter-6f80ac3cd9783ccf-2",
              "condenser_ingress_nodeexporter_port": "9100",
              "condenser_ingress_yarn_hostname": "yarn-6f80ac3cd9783ccf-2",
              "condenser_ingress_yarn_port": "8042"
            },
            "tpm": []
          },
          "sensitive_attributes": [],
          "private": "bnVsbA==",
          "dependencies": [
            "data.harvester_image.img",
            "data.harvester_ssh_key.mysshkey",
            "harvester_cloudinit_secret.cloud_config",
            "random_id.secret"
          ]
        }
      ]
    },
    {
      "module": "module.worker_vm[2]",
      "mode": "managed",
      "type": "harvester_virtualmachine",
      "name": "vm",
      "provider": "provider[\"registry.terraform.io/harvester/harvester\"]",
      "instances": [
        {
          "schema_version": 0,
          "attributes": {
            "cloudinit": [
              {
                "network_data": "",
                "network_data_base64": "",
                "network_data_secret_name": "",
                "type": "noCloud",
                "user_data": "",
                "user_data_base64": "",
                "user_data_secret_name": "merizo-search-cloud-config-6f80ac3cd9783ccf"
              }
            ],
            "cpu": 4,
            "description": "Cluster compute node 3",
            "disk": [
              {
                "access_mode": "ReadWriteMany",
                "auto_delete": true,
                "boot_order": 1,
                "bus": "virtio",
                "container_image_name": "",
                "existing_volume_name": "",
                "hot_plug": false,
                "image": "harvester-public/image-bp52g",
                "name": "root-disk",
                "size": "25Gi",
                "storage_class_name": "longhorn-image-bp52g",
                "type": "disk",
                "volume_mode": "Block",
                "volume_name": "merizo-search-worker-3-6f80ac3cd9783ccf-root-disk-fvfr8"
              }
            ],
            "efi": true,
            "hostname": "merizo-search-worker-3-6f80ac3cd9783ccf",
            "id": "ucabhtd-comp0235-ns/merizo-search-worker-3-6f80ac3cd9783ccf",
            "input": [],
            "machine_type": "q35",
            "memory": "32Gi",
            "message": null,
            "name": "merizo-search-worker-3-6f80ac3cd9783ccf",
            "namespace": "ucabhtd-comp0235-ns",
            "network_interface": [
              {
                "interface_name": "eth0",
                "ip_address": "10.134.12.111",
                "mac_address": "3a:5e:88:47:86:6f",
                "model": "virtio",
                "name": "nic-1",
                "network_name": "ucabhtd-comp0235-ns/ds4eng",
                "type": "bridge",
                "wait_for_lease": true
              }
            ],
            "node_name": "harvester-c8g4l",
            "reserved_memory": "100Mi",
            "restart_after_update": true,
            "run_strategy": "RerunOnFailure",
            "secure_boot": false,
            "ssh_keys": [],
            "start": null,
            "state": "Ready",
            "tags": {
              "condenser_ingress_isAllowed": "true",
              "condenser_ingress_isEnabled": "true",
              "condenser_ingress_nodeexporter_hostname": "nodeexporter-6f80ac3cd9783ccf-3",
              "condenser_ingress_nodeexporter_port": "9100",
              "condenser_ingress_yarn_hostname": "yarn-6f80ac3cd9783ccf-3",
              "condenser_ingress_yarn_port": "8042"
            },
            "tpm": []
          },
          "sensitive_attributes": [],
          "private": "bnVsbA==",
          "dependencies": [
            "data.harvester_image.img",
            "data.harvester_ssh_key.mysshkey",
            "harvester_cloudinit_secret.cloud_config",
            "random_id.secret"
          ]
        }
      ]
    }
  ],
  "check_results": null
}
