{
  "version": 4,
  "terraform_version": "1.9.6",
  "serial": 26,
  "lineage": "8e81701f-2910-4f86-aad6-7cdbd03c406e",
  "outputs": {
    "host_vm_ids": {
      "value": [
        "ucabhtd-comp0235-ns/data-analysis-host-ad49360a11"
      ],
      "type": [
        "tuple",
        [
          "string"
        ]
      ]
    },
    "host_vm_ips": {
      "value": [
        "10.134.12.132"
      ],
      "type": [
        "tuple",
        [
          "string"
        ]
      ]
    },
    "storage_vm_ids": {
      "value": [
        "ucabhtd-comp0235-ns/data-analysis-storage-ad49360a11"
      ],
      "type": [
        "tuple",
        [
          "string"
        ]
      ]
    },
    "storage_vm_ips": {
      "value": [
        "10.134.12.173"
      ],
      "type": [
        "tuple",
        [
          "string"
        ]
      ]
    },
    "worker_vm_ids": {
      "value": [
        "ucabhtd-comp0235-ns/data-analysis-worker-ad49360a11-01",
        "ucabhtd-comp0235-ns/data-analysis-worker-ad49360a11-02",
        "ucabhtd-comp0235-ns/data-analysis-worker-ad49360a11-03"
      ],
      "type": [
        "tuple",
        [
          "string",
          "string",
          "string"
        ]
      ]
    },
    "worker_vm_ips": {
      "value": [
        "10.134.12.140",
        "10.134.12.146",
        "10.134.12.161"
      ],
      "type": [
        "tuple",
        [
          "string",
          "string",
          "string"
        ]
      ]
    }
  },
  "resources": [
    {
      "mode": "data",
      "type": "harvester_image",
      "name": "img",
      "provider": "provider[\"registry.terraform.io/harvester/harvester\"]",
      "instances": [
        {
          "schema_version": 0,
          "attributes": {
            "description": "",
            "display_name": "almalinux-9.4-20240805",
            "id": "harvester-public/image-bp52g",
            "message": "",
            "name": "image-bp52g",
            "namespace": "harvester-public",
            "progress": 100,
            "pvc_name": "",
            "pvc_namespace": "",
            "size": 591724544,
            "source_type": "download",
            "state": "Active",
            "storage_class_name": "harvester-longhorn",
            "storage_class_parameters": {
              "migratable": "true",
              "numberOfReplicas": "3",
              "staleReplicaTimeout": "30"
            },
            "tags": {},
            "url": "https://repo.almalinux.org/almalinux/9/cloud/x86_64/images/AlmaLinux-9-GenericCloud-9.4-20240805.x86_64.qcow2",
            "volume_storage_class_name": "longhorn-image-bp52g"
          },
          "sensitive_attributes": []
        }
      ]
    },
    {
      "mode": "data",
      "type": "harvester_ssh_key",
      "name": "mysshkey",
      "provider": "provider[\"registry.terraform.io/harvester/harvester\"]",
      "instances": [
        {
          "schema_version": 0,
          "attributes": {
            "description": "",
            "fingerprint": "af:5d:b1:1d:dd:29:bd:57:d6:2a:78:00:98:f7:52:2d",
            "id": "ucabhtd-comp0235-ns/ucabhtd-cnc",
            "message": null,
            "name": "ucabhtd-cnc",
            "namespace": "ucabhtd-comp0235-ns",
            "public_key": "ssh-rsa AAAAB3NzaC1yc2EAAAADAQABAAABgQDD13Evba/YWlWn3AjEqByTY84b8MUNt8NAj1MaJHVri5c5g9zFldVg0SgPSe3XtoAyKPLata5NEf+vfFDr8a7rqzA0UXmue433XJUVEybWPQ3YKqedZ/FGxlMg6d2uPz++wosd3wRdWUM5aUDAVNEPPBfqnsc92V7BHcS9wZtZWs6A/fNyiDzfDoF9Tlt2GXi62WBzjxCnAV3BDuuOCJlJi5r1ZUp8jzP1SSiXQ4+DZQKVxsW6creb6MI1J3xTAdPEmzQ7M+YMpTs74bJBAWM2170U9WEO061iNLFXN+v0+x41ZQmcS24UGfV1ODr+TjhIiaJp7voa7CaM2rC9VoeDcYn2mCEO0DvXqzS1wbj3MKTYHys1CY/X+ZDu3TLWRyWTxVWzpv9KEp2CBCpeaXfAKakEcSarvW5m26jB9NvB9bF0RQPu6fNw1el4stX1vn6DSbpERnpBs7N/475fKjX+vuGRamMIcqUtBNY3yc3H2XpZ9t8MYdJTeyLlWUrSaVE= almalinux@ucabhtd\n",
            "state": "Validated",
            "tags": {}
          },
          "sensitive_attributes": []
        }
      ]
    },
    {
      "mode": "managed",
      "type": "harvester_cloudinit_secret",
      "name": "cloud_config",
      "provider": "provider[\"registry.terraform.io/harvester/harvester\"]",
      "instances": [
        {
          "schema_version": 0,
          "attributes": {
            "description": "",
            "id": "ucabhtd-comp0235-ns/cloud-config-ad49360a11",
            "message": null,
            "name": "cloud-config-ad49360a11",
            "namespace": "ucabhtd-comp0235-ns",
            "network_data": null,
            "network_data_base64": "",
            "state": null,
            "tags": null,
            "user_data": "#cloud-config\nbootcmd:\n  - [ dnf, config-manager, --set-enabled, crb ]\n  - [ dnf, install, -y, epel-release ]\n\nssh_authorized_keys:\n  - ssh-rsa AAAAB3NzaC1yc2EAAAADAQABAAABgQDD13Evba/YWlWn3AjEqByTY84b8MUNt8NAj1MaJHVri5c5g9zFldVg0SgPSe3XtoAyKPLata5NEf+vfFDr8a7rqzA0UXmue433XJUVEybWPQ3YKqedZ/FGxlMg6d2uPz++wosd3wRdWUM5aUDAVNEPPBfqnsc92V7BHcS9wZtZWs6A/fNyiDzfDoF9Tlt2GXi62WBzjxCnAV3BDuuOCJlJi5r1ZUp8jzP1SSiXQ4+DZQKVxsW6creb6MI1J3xTAdPEmzQ7M+YMpTs74bJBAWM2170U9WEO061iNLFXN+v0+x41ZQmcS24UGfV1ODr+TjhIiaJp7voa7CaM2rC9VoeDcYn2mCEO0DvXqzS1wbj3MKTYHys1CY/X+ZDu3TLWRyWTxVWzpv9KEp2CBCpeaXfAKakEcSarvW5m26jB9NvB9bF0RQPu6fNw1el4stX1vn6DSbpERnpBs7N/475fKjX+vuGRamMIcqUtBNY3yc3H2XpZ9t8MYdJTeyLlWUrSaVE= almalinux@ucabhtd\n\n",
            "user_data_base64": ""
          },
          "sensitive_attributes": [],
          "private": "bnVsbA==",
          "dependencies": [
            "data.harvester_ssh_key.mysshkey",
            "random_id.secret"
          ]
        }
      ]
    },
    {
      "mode": "managed",
      "type": "harvester_virtualmachine",
      "name": "host_vm",
      "provider": "provider[\"registry.terraform.io/harvester/harvester\"]",
      "instances": [
        {
          "schema_version": 0,
          "attributes": {
            "cloudinit": [
              {
                "network_data": "",
                "network_data_base64": "",
                "network_data_secret_name": "",
                "type": "noCloud",
                "user_data": "",
                "user_data_base64": "",
                "user_data_secret_name": "cloud-config-ad49360a11"
              }
            ],
            "cpu": 2,
            "description": "Cluster Head Node",
            "disk": [
              {
                "access_mode": "ReadWriteMany",
                "auto_delete": true,
                "boot_order": 1,
                "bus": "virtio",
                "container_image_name": "",
                "existing_volume_name": "",
                "hot_plug": false,
                "image": "harvester-public/image-bp52g",
                "name": "root-disk",
                "size": "10Gi",
                "storage_class_name": "longhorn-image-bp52g",
                "type": "disk",
                "volume_mode": "Block",
                "volume_name": "data-analysis-host-ad49360a11-root-disk-khshj"
              }
            ],
            "efi": true,
            "hostname": "data-analysis-host-ad49360a11",
            "id": "ucabhtd-comp0235-ns/data-analysis-host-ad49360a11",
            "input": [],
            "machine_type": "q35",
            "memory": "4Gi",
            "message": null,
            "name": "data-analysis-host-ad49360a11",
            "namespace": "ucabhtd-comp0235-ns",
            "network_interface": [
              {
                "interface_name": "eth0",
                "ip_address": "10.134.12.132",
                "mac_address": "2a:a6:8f:e6:d3:c0",
                "model": "virtio",
                "name": "nic-1",
                "network_name": "ucabhtd-comp0235-ns/ds4eng",
                "type": "bridge",
                "wait_for_lease": true
              }
            ],
            "node_name": "harvester-vkqnn",
            "reserved_memory": "100Mi",
            "restart_after_update": true,
            "run_strategy": "RerunOnFailure",
            "secure_boot": false,
            "ssh_keys": null,
            "start": null,
            "state": "Ready",
            "tags": null,
            "tpm": []
          },
          "sensitive_attributes": [],
          "private": "bnVsbA==",
          "dependencies": [
            "data.harvester_image.img",
            "data.harvester_ssh_key.mysshkey",
            "harvester_cloudinit_secret.cloud_config",
            "random_id.secret"
          ]
        }
      ]
    },
    {
      "mode": "managed",
      "type": "harvester_virtualmachine",
      "name": "storage_vm",
      "provider": "provider[\"registry.terraform.io/harvester/harvester\"]",
      "instances": [
        {
          "schema_version": 0,
          "attributes": {
            "cloudinit": [
              {
                "network_data": "",
                "network_data_base64": "",
                "network_data_secret_name": "",
                "type": "noCloud",
                "user_data": "",
                "user_data_base64": "",
                "user_data_secret_name": "cloud-config-ad49360a11"
              }
            ],
            "cpu": 4,
            "description": "Cluster Storage Node",
            "disk": [
              {
                "access_mode": "ReadWriteMany",
                "auto_delete": true,
                "boot_order": 1,
                "bus": "virtio",
                "container_image_name": "",
                "existing_volume_name": "",
                "hot_plug": false,
                "image": "harvester-public/image-bp52g",
                "name": "root-disk",
                "size": "10Gi",
                "storage_class_name": "longhorn-image-bp52g",
                "type": "disk",
                "volume_mode": "Block",
                "volume_name": "data-analysis-storage-ad49360a11-root-disk-q6rsr"
              },
              {
                "access_mode": "ReadWriteMany",
                "auto_delete": true,
                "boot_order": 2,
                "bus": "virtio",
                "container_image_name": "",
                "existing_volume_name": "",
                "hot_plug": false,
                "image": "harvester-public/image-bp52g",
                "name": "data-disk",
                "size": "200Gi",
                "storage_class_name": "longhorn-image-bp52g",
                "type": "disk",
                "volume_mode": "Block",
                "volume_name": "data-analysis-storage-ad49360a11-data-disk-rw6t2"
              }
            ],
            "efi": true,
            "hostname": "data-analysis-storage-ad49360a11",
            "id": "ucabhtd-comp0235-ns/data-analysis-storage-ad49360a11",
            "input": [],
            "machine_type": "q35",
            "memory": "8Gi",
            "message": null,
            "name": "data-analysis-storage-ad49360a11",
            "namespace": "ucabhtd-comp0235-ns",
            "network_interface": [
              {
                "interface_name": "eth0",
                "ip_address": "10.134.12.173",
                "mac_address": "8a:68:f0:da:a8:b7",
                "model": "virtio",
                "name": "nic-1",
                "network_name": "ucabhtd-comp0235-ns/ds4eng",
                "type": "bridge",
                "wait_for_lease": true
              }
            ],
            "node_name": "harvester-hn625",
            "reserved_memory": "100Mi",
            "restart_after_update": true,
            "run_strategy": "RerunOnFailure",
            "secure_boot": false,
            "ssh_keys": null,
            "start": null,
            "state": "Ready",
            "tags": null,
            "tpm": []
          },
          "sensitive_attributes": [],
          "private": "bnVsbA==",
          "dependencies": [
            "data.harvester_image.img",
            "data.harvester_ssh_key.mysshkey",
            "harvester_cloudinit_secret.cloud_config",
            "random_id.secret"
          ]
        }
      ]
    },
    {
      "mode": "managed",
      "type": "harvester_virtualmachine",
      "name": "worker_vm",
      "provider": "provider[\"registry.terraform.io/harvester/harvester\"]",
      "instances": [
        {
          "index_key": 0,
          "schema_version": 0,
          "attributes": {
            "cloudinit": [
              {
                "network_data": "",
                "network_data_base64": "",
                "network_data_secret_name": "",
                "type": "noCloud",
                "user_data": "",
                "user_data_base64": "",
                "user_data_secret_name": "cloud-config-ad49360a11"
              }
            ],
            "cpu": 4,
            "description": "Cluster Compute Node",
            "disk": [
              {
                "access_mode": "ReadWriteMany",
                "auto_delete": true,
                "boot_order": 1,
                "bus": "virtio",
                "container_image_name": "",
                "existing_volume_name": "",
                "hot_plug": false,
                "image": "harvester-public/image-bp52g",
                "name": "root-disk",
                "size": "25Gi",
                "storage_class_name": "longhorn-image-bp52g",
                "type": "disk",
                "volume_mode": "Block",
                "volume_name": "data-analysis-worker-ad49360a11-01-root-disk-nr7rf"
              }
            ],
            "efi": true,
            "hostname": "data-analysis-worker-ad49360a11-01",
            "id": "ucabhtd-comp0235-ns/data-analysis-worker-ad49360a11-01",
            "input": [],
            "machine_type": "q35",
            "memory": "32Gi",
            "message": null,
            "name": "data-analysis-worker-ad49360a11-01",
            "namespace": "ucabhtd-comp0235-ns",
            "network_interface": [
              {
                "interface_name": "eth0",
                "ip_address": "10.134.12.140",
                "mac_address": "f6:42:d4:6b:b2:01",
                "model": "virtio",
                "name": "nic-1",
                "network_name": "ucabhtd-comp0235-ns/ds4eng",
                "type": "bridge",
                "wait_for_lease": true
              }
            ],
            "node_name": "harvester-bpqwj",
            "reserved_memory": "100Mi",
            "restart_after_update": true,
            "run_strategy": "RerunOnFailure",
            "secure_boot": false,
            "ssh_keys": null,
            "start": null,
            "state": "Ready",
            "tags": null,
            "tpm": []
          },
          "sensitive_attributes": [],
          "private": "bnVsbA==",
          "dependencies": [
            "data.harvester_image.img",
            "data.harvester_ssh_key.mysshkey",
            "harvester_cloudinit_secret.cloud_config",
            "random_id.secret"
          ]
        },
        {
          "index_key": 1,
          "schema_version": 0,
          "attributes": {
            "cloudinit": [
              {
                "network_data": "",
                "network_data_base64": "",
                "network_data_secret_name": "",
                "type": "noCloud",
                "user_data": "",
                "user_data_base64": "",
                "user_data_secret_name": "cloud-config-ad49360a11"
              }
            ],
            "cpu": 4,
            "description": "Cluster Compute Node",
            "disk": [
              {
                "access_mode": "ReadWriteMany",
                "auto_delete": true,
                "boot_order": 1,
                "bus": "virtio",
                "container_image_name": "",
                "existing_volume_name": "",
                "hot_plug": false,
                "image": "harvester-public/image-bp52g",
                "name": "root-disk",
                "size": "25Gi",
                "storage_class_name": "longhorn-image-bp52g",
                "type": "disk",
                "volume_mode": "Block",
                "volume_name": "data-analysis-worker-ad49360a11-02-root-disk-jffc2"
              }
            ],
            "efi": true,
            "hostname": "data-analysis-worker-ad49360a11-02",
            "id": "ucabhtd-comp0235-ns/data-analysis-worker-ad49360a11-02",
            "input": [],
            "machine_type": "q35",
            "memory": "32Gi",
            "message": null,
            "name": "data-analysis-worker-ad49360a11-02",
            "namespace": "ucabhtd-comp0235-ns",
            "network_interface": [
              {
                "interface_name": "eth0",
                "ip_address": "10.134.12.146",
                "mac_address": "b6:ca:c8:b1:83:97",
                "model": "virtio",
                "name": "nic-1",
                "network_name": "ucabhtd-comp0235-ns/ds4eng",
                "type": "bridge",
                "wait_for_lease": true
              }
            ],
            "node_name": "harvester-k9vxw",
            "reserved_memory": "100Mi",
            "restart_after_update": true,
            "run_strategy": "RerunOnFailure",
            "secure_boot": false,
            "ssh_keys": null,
            "start": null,
            "state": "Ready",
            "tags": null,
            "tpm": []
          },
          "sensitive_attributes": [],
          "private": "bnVsbA==",
          "dependencies": [
            "data.harvester_image.img",
            "data.harvester_ssh_key.mysshkey",
            "harvester_cloudinit_secret.cloud_config",
            "random_id.secret"
          ]
        },
        {
          "index_key": 2,
          "schema_version": 0,
          "attributes": {
            "cloudinit": [
              {
                "network_data": "",
                "network_data_base64": "",
                "network_data_secret_name": "",
                "type": "noCloud",
                "user_data": "",
                "user_data_base64": "",
                "user_data_secret_name": "cloud-config-ad49360a11"
              }
            ],
            "cpu": 4,
            "description": "Cluster Compute Node",
            "disk": [
              {
                "access_mode": "ReadWriteMany",
                "auto_delete": true,
                "boot_order": 1,
                "bus": "virtio",
                "container_image_name": "",
                "existing_volume_name": "",
                "hot_plug": false,
                "image": "harvester-public/image-bp52g",
                "name": "root-disk",
                "size": "25Gi",
                "storage_class_name": "longhorn-image-bp52g",
                "type": "disk",
                "volume_mode": "Block",
                "volume_name": "data-analysis-worker-ad49360a11-03-root-disk-rjcn5"
              }
            ],
            "efi": true,
            "hostname": "data-analysis-worker-ad49360a11-03",
            "id": "ucabhtd-comp0235-ns/data-analysis-worker-ad49360a11-03",
            "input": [],
            "machine_type": "q35",
            "memory": "32Gi",
            "message": null,
            "name": "data-analysis-worker-ad49360a11-03",
            "namespace": "ucabhtd-comp0235-ns",
            "network_interface": [
              {
                "interface_name": "eth0",
                "ip_address": "10.134.12.161",
                "mac_address": "ea:ab:6f:ee:72:f5",
                "model": "virtio",
                "name": "nic-1",
                "network_name": "ucabhtd-comp0235-ns/ds4eng",
                "type": "bridge",
                "wait_for_lease": true
              }
            ],
            "node_name": "harvester-t67j7",
            "reserved_memory": "100Mi",
            "restart_after_update": true,
            "run_strategy": "RerunOnFailure",
            "secure_boot": false,
            "ssh_keys": null,
            "start": null,
            "state": "Ready",
            "tags": null,
            "tpm": []
          },
          "sensitive_attributes": [],
          "private": "bnVsbA==",
          "dependencies": [
            "data.harvester_image.img",
            "data.harvester_ssh_key.mysshkey",
            "harvester_cloudinit_secret.cloud_config",
            "random_id.secret"
          ]
        }
      ]
    },
    {
      "mode": "managed",
      "type": "random_id",
      "name": "secret",
      "provider": "provider[\"registry.terraform.io/hashicorp/random\"]",
      "instances": [
        {
          "schema_version": 0,
          "attributes": {
            "b64_std": "rUk2ChE=",
            "b64_url": "rUk2ChE",
            "byte_length": 5,
            "dec": "744257620497",
            "hex": "ad49360a11",
            "id": "rUk2ChE",
            "keepers": null,
            "prefix": null
          },
          "sensitive_attributes": []
        }
      ]
    }
  ],
  "check_results": null
}
